{
  "name": "labo_nodejs-third_party_modules",
  "version": "1.0.0",
  "lockfileVersion": 3,
  "requires": true,
  "packages": {
    "": {
      "name": "labo_nodejs-third_party_modules",
      "version": "1.0.0",
      "license": "ISC",
      "dependencies": {
        "@fancyapps/ui": "^5.0.33"
      }
    },
    "node_modules/@fancyapps/ui": {
      "version": "5.0.33",
      "resolved": "https://registry.npmjs.org/@fancyapps/ui/-/ui-5.0.33.tgz",
      "integrity": "sha512-nYW7ntjhrpqoLz/vA9KpJ2zJ5gXRB7rpFKXWjW4GC1f2st/IoI1Oy2TEEz0xABIlvPTCuoMXaT1X3UC7bP97rA=="
    }
  }
}
